github.com/ahmetb/go-linq v3.0.0+incompatible h1:qQkjjOXKrKOTy83X8OpRmnKflXKQIL/mC/gMVVDMhOA=
github.com/ahmetb/go-linq v3.0.0+incompatible/go.mod h1:PFffvbdbtw+QTB0WKRP0cNht7vnCfnGlEpak/DVg5cY=
github.com/davyxu/cellmesh v0.1.1-0.20190628065349-a255c0e4e086/go.mod h1:3AXtvpdL+bED/AR3Y2taItIrxtRynSIfGM9ORNRhVL8=
github.com/davyxu/cellmesh_demo v0.0.0-20190820092800-96af1dea1c93 h1:uuE5B6q68cZcJvyrvTR/QKFJxQ2+xoUybY268CeD9OE=
github.com/davyxu/cellmesh_demo v0.0.0-20190820092800-96af1dea1c93/go.mod h1:wE478kZCtDDsKIt9LoXqRA02zInlVvyKglABcLueJGM=
github.com/davyxu/cellnet v0.0.0-20190612112848-4f8cb890a9f8 h1:hnIRsbLMSkTNYPuA+ALM6R7yrV/1wl+J02dQ7pIv5Bw=
github.com/davyxu/cellnet v0.0.0-20190612112848-4f8cb890a9f8/go.mod h1:veOb1czkqh9rfO/+KLeAIzRT9vOk9gg3LNXuCXV+QdQ=
github.com/davyxu/cellnet v0.0.0-20190628065413-a644d2409b6d h1:M4eBkPiPdfcvRjhyMI9lwVdo63TxhiKwq0UWZO9/LI8=
github.com/davyxu/cellnet v0.0.0-20190628065413-a644d2409b6d/go.mod h1:veOb1czkqh9rfO/+KLeAIzRT9vOk9gg3LNXuCXV+QdQ=
github.com/davyxu/golexer v0.0.0-20180314091252-f048a86ae200/go.mod h1:K/1PVWqaQEwMs+N+VvaoS66o1BAAwso+jEgXKBIa8QY=
github.com/davyxu/golexer v0.1.0 h1:PFavbgNV8PUH2HPU1G3o0QMcNJ3I4BkL8esbeenTyMU=
github.com/davyxu/golexer v0.1.0/go.mod h1:K/1PVWqaQEwMs+N+VvaoS66o1BAAwso+jEgXKBIa8QY=
github.com/davyxu/golog v0.1.0 h1:SsV3m2x37sCzFaQzq5OHc5S+PE2VMiL7XUx34JCa7mo=
github.com/davyxu/golog v0.1.0/go.mod h1:YwChkFY5dCYt77yuPlWjcR6KlWqVJNbz3WkwC/8WgQk=
github.com/davyxu/goobjfmt v0.1.0 h1:/Kz4X/UL4Jf5xOaQhP5DxzNtcwsfJqsz6ceoePeHBgA=
github.com/davyxu/goobjfmt v0.1.0/go.mod h1:KKrytCtCXny2sEg3ojQfJ4NThhBP8hKw/qM9vhDwgog=
github.com/davyxu/protoplus v0.1.0 h1:iKk94nwYZdEK8r1r4GZDkW7JnmLJTPYQSVUvBLBxsb8=
github.com/davyxu/protoplus v0.1.0/go.mod h1:WzmNYPvYsyks3G81jCJ/vGY2ljs49qFMfCmXGwvxFLA=
github.com/go-sql-driver/mysql v1.4.1/go.mod h1:zAC/RDZ24gD3HViQzih4MyKcchzm+sOG5ZlKdlhCg5w=
github.com/gogo/protobuf v1.2.1 h1:/s5zKNz0uPFCZ5hddgPdo2TK2TVrUNMn0OOX8/aZMTE=
github.com/gogo/protobuf v1.2.1/go.mod h1:hp+jE20tsWTFYpLwKvXlhS1hjn+gTNwPg2I6zVXpSg4=
github.com/gorilla/websocket v1.4.0 h1:WDFjx/TMzVgy9VdMMQi2K2Emtwi2QcUQsztZ/zLaH/Q=
github.com/gorilla/websocket v1.4.0/go.mod h1:E7qHFY5m1UJ88s3WnNqhKjPHQ0heANvMoAMk2YaljkQ=
github.com/kisielk/errcheck v1.1.0/go.mod h1:EZBBE59ingxPouuu3KfxchcWSUPOHkagtvWXihfKN4Q=
github.com/kisielk/gotool v1.0.0/go.mod h1:XhKaO+MFFWcvkIS/tQcRk01m1F5IRFswLeQ+oQHNcck=
github.com/mediocregopher/radix.v2 v0.0.0-20181115013041-b67df6e626f9/go.mod h1:fLRUbhbSd5Px2yKUaGYYPltlyxi1guJz1vCmo1RQL50=
golang.org/x/tools v0.0.0-20180221164845-07fd8470d635/go.mod h1:n7NCudcB/nEzxVGmLbDWY5pfWTLqBcC2KZ6jyYvM4mQ=
